
Microsoft Visual Studio Solution File, Format Version 12.00
# Visual Studio 15
VisualStudioVersion = 15.0.26124.0
MinimumVisualStudioVersion = 15.0.26124.0
Project("{FAE04EC0-301F-11D3-BF4B-00C04F79EFBC}") = "Furzify.API", "api\Furzify.API.csproj", "{F0DF4F8F-D087-4A68-A2A2-89E3A3002F69}"
EndProject
Project("{FAE04EC0-301F-11D3-BF4B-00C04F79EFBC}") = "FurzeTests", "tests\FurzeTests.csproj", "{1ADF03CE-FBEB-4563-9394-9140CA84D259}"
EndProject
Global
	GlobalSection(SolutionConfigurationPlatforms) = preSolution
		Debug|Any CPU = Debug|Any CPU
		Debug|x64 = Debug|x64
		Debug|x86 = Debug|x86
		Release|Any CPU = Release|Any CPU
		Release|x64 = Release|x64
		Release|x86 = Release|x86
	EndGlobalSection
	GlobalSection(SolutionProperties) = preSolution
		HideSolutionNode = FALSE
	EndGlobalSection
	GlobalSection(ProjectConfigurationPlatforms) = postSolution
		{F0DF4F8F-D087-4A68-A2A2-89E3A3002F69}.Debug|Any CPU.ActiveCfg = Debug|Any CPU
		{F0DF4F8F-D087-4A68-A2A2-89E3A3002F69}.Debug|Any CPU.Build.0 = Debug|Any CPU
		{F0DF4F8F-D087-4A68-A2A2-89E3A3002F69}.Debug|x64.ActiveCfg = Debug|Any CPU
		{F0DF4F8F-D087-4A68-A2A2-89E3A3002F69}.Debug|x64.Build.0 = Debug|Any CPU
		{F0DF4F8F-D087-4A68-A2A2-89E3A3002F69}.Debug|x86.ActiveCfg = Debug|Any CPU
		{F0DF4F8F-D087-4A68-A2A2-89E3A3002F69}.Debug|x86.Build.0 = Debug|Any CPU
		{F0DF4F8F-D087-4A68-A2A2-89E3A3002F69}.Release|Any CPU.ActiveCfg = Release|Any CPU
		{F0DF4F8F-D087-4A68-A2A2-89E3A3002F69}.Release|Any CPU.Build.0 = Release|Any CPU
		{F0DF4F8F-D087-4A68-A2A2-89E3A3002F69}.Release|x64.ActiveCfg = Release|Any CPU
		{F0DF4F8F-D087-4A68-A2A2-89E3A3002F69}.Release|x64.Build.0 = Release|Any CPU
		{F0DF4F8F-D087-4A68-A2A2-89E3A3002F69}.Release|x86.ActiveCfg = Release|Any CPU
		{F0DF4F8F-D087-4A68-A2A2-89E3A3002F69}.Release|x86.Build.0 = Release|Any CPU
		{1ADF03CE-FBEB-4563-9394-9140CA84D259}.Debug|Any CPU.ActiveCfg = Debug|Any CPU
		{1ADF03CE-FBEB-4563-9394-9140CA84D259}.Debug|Any CPU.Build.0 = Debug|Any CPU
		{1ADF03CE-FBEB-4563-9394-9140CA84D259}.Debug|x64.ActiveCfg = Debug|Any CPU
		{1ADF03CE-FBEB-4563-9394-9140CA84D259}.Debug|x64.Build.0 = Debug|Any CPU
		{1ADF03CE-FBEB-4563-9394-9140CA84D259}.Debug|x86.ActiveCfg = Debug|Any CPU
		{1ADF03CE-FBEB-4563-9394-9140CA84D259}.Debug|x86.Build.0 = Debug|Any CPU
		{1ADF03CE-FBEB-4563-9394-9140CA84D259}.Release|Any CPU.ActiveCfg = Release|Any CPU
		{1ADF03CE-FBEB-4563-9394-9140CA84D259}.Release|Any CPU.Build.0 = Release|Any CPU
		{1ADF03CE-FBEB-4563-9394-9140CA84D259}.Release|x64.ActiveCfg = Release|Any CPU
		{1ADF03CE-FBEB-4563-9394-9140CA84D259}.Release|x64.Build.0 = Release|Any CPU
		{1ADF03CE-FBEB-4563-9394-9140CA84D259}.Release|x86.ActiveCfg = Release|Any CPU
		{1ADF03CE-FBEB-4563-9394-9140CA84D259}.Release|x86.Build.0 = Release|Any CPU
	EndGlobalSection
EndGlobal
